
Microsoft Visual Studio Solution File, Format Version 12.00
# Visual Studio Version 17
VisualStudioVersion = 17.3.32929.385
MinimumVisualStudioVersion = 10.0.40219.1
Project("{FAE04EC0-301F-11D3-BF4B-00C04F79EFBC}") = "eBuisness", "eBuisness\eBuisness.csproj", "{793534F8-39C9-42EA-9CF0-664F34E43CAA}"
EndProject
Project("{FAE04EC0-301F-11D3-BF4B-00C04F79EFBC}") = "Core", "Core\Core.csproj", "{2FA98CD8-7414-4788-8133-ECC33FBA651D}"
EndProject
Project("{FAE04EC0-301F-11D3-BF4B-00C04F79EFBC}") = "DAL", "DAL\DAL.csproj", "{7A0E21C7-41E7-4149-9505-1780A32C5F2A}"
EndProject
Global
	GlobalSection(SolutionConfigurationPlatforms) = preSolution
		Debug|Any CPU = Debug|Any CPU
		Release|Any CPU = Release|Any CPU
	EndGlobalSection
	GlobalSection(ProjectConfigurationPlatforms) = postSolution
		{793534F8-39C9-42EA-9CF0-664F34E43CAA}.Debug|Any CPU.ActiveCfg = Debug|Any CPU
		{793534F8-39C9-42EA-9CF0-664F34E43CAA}.Debug|Any CPU.Build.0 = Debug|Any CPU
		{793534F8-39C9-42EA-9CF0-664F34E43CAA}.Release|Any CPU.ActiveCfg = Release|Any CPU
		{793534F8-39C9-42EA-9CF0-664F34E43CAA}.Release|Any CPU.Build.0 = Release|Any CPU
		{2FA98CD8-7414-4788-8133-ECC33FBA651D}.Debug|Any CPU.ActiveCfg = Debug|Any CPU
		{2FA98CD8-7414-4788-8133-ECC33FBA651D}.Debug|Any CPU.Build.0 = Debug|Any CPU
		{2FA98CD8-7414-4788-8133-ECC33FBA651D}.Release|Any CPU.ActiveCfg = Release|Any CPU
		{2FA98CD8-7414-4788-8133-ECC33FBA651D}.Release|Any CPU.Build.0 = Release|Any CPU
		{7A0E21C7-41E7-4149-9505-1780A32C5F2A}.Debug|Any CPU.ActiveCfg = Debug|Any CPU
		{7A0E21C7-41E7-4149-9505-1780A32C5F2A}.Debug|Any CPU.Build.0 = Debug|Any CPU
		{7A0E21C7-41E7-4149-9505-1780A32C5F2A}.Release|Any CPU.ActiveCfg = Release|Any CPU
		{7A0E21C7-41E7-4149-9505-1780A32C5F2A}.Release|Any CPU.Build.0 = Release|Any CPU
	EndGlobalSection
	GlobalSection(SolutionProperties) = preSolution
		HideSolutionNode = FALSE
	EndGlobalSection
	GlobalSection(ExtensibilityGlobals) = postSolution
		SolutionGuid = {CE976255-B59D-400B-8A46-ADB9D0E9F791}
	EndGlobalSection
EndGlobal
